
Microsoft Visual Studio Solution File, Format Version 12.00
# Visual Studio Version 16
VisualStudioVersion = 16.0.29905.134
MinimumVisualStudioVersion = 10.0.40219.1
Project("{FAE04EC0-301F-11D3-BF4B-00C04F79EFBC}") = "Game-center management", "Game-center management\Game-center management.csproj", "{B41E1232-45F6-48D2-A388-AB7D0933B7B5}"
EndProject
Project("{FAE04EC0-301F-11D3-BF4B-00C04F79EFBC}") = "Game-center management.BO", "Game-center maagement.BO\Game-center management.BO.csproj", "{4E74E640-3DD5-4484-95CA-7D5A0214DF3B}"
EndProject
Project("{FAE04EC0-301F-11D3-BF4B-00C04F79EFBC}") = "game-center management.BLL", "game-center management.BLL\game-center management.BLL.csproj", "{F634E746-A986-4031-AF15-79F8CBD6767B}"
EndProject
Project("{FAE04EC0-301F-11D3-BF4B-00C04F79EFBC}") = "Game-center management.DAL", "game-center management.DAL\Game-center management.DAL.csproj", "{7E02A785-4682-482C-849A-7CE58BD05B2B}"
EndProject
Global
	GlobalSection(SolutionConfigurationPlatforms) = preSolution
		Debug|Any CPU = Debug|Any CPU
		Release|Any CPU = Release|Any CPU
	EndGlobalSection
	GlobalSection(ProjectConfigurationPlatforms) = postSolution
		{B41E1232-45F6-48D2-A388-AB7D0933B7B5}.Debug|Any CPU.ActiveCfg = Debug|Any CPU
		{B41E1232-45F6-48D2-A388-AB7D0933B7B5}.Debug|Any CPU.Build.0 = Debug|Any CPU
		{B41E1232-45F6-48D2-A388-AB7D0933B7B5}.Release|Any CPU.ActiveCfg = Release|Any CPU
		{B41E1232-45F6-48D2-A388-AB7D0933B7B5}.Release|Any CPU.Build.0 = Release|Any CPU
		{4E74E640-3DD5-4484-95CA-7D5A0214DF3B}.Debug|Any CPU.ActiveCfg = Debug|Any CPU
		{4E74E640-3DD5-4484-95CA-7D5A0214DF3B}.Debug|Any CPU.Build.0 = Debug|Any CPU
		{4E74E640-3DD5-4484-95CA-7D5A0214DF3B}.Release|Any CPU.ActiveCfg = Release|Any CPU
		{4E74E640-3DD5-4484-95CA-7D5A0214DF3B}.Release|Any CPU.Build.0 = Release|Any CPU
		{F634E746-A986-4031-AF15-79F8CBD6767B}.Debug|Any CPU.ActiveCfg = Debug|Any CPU
		{F634E746-A986-4031-AF15-79F8CBD6767B}.Debug|Any CPU.Build.0 = Debug|Any CPU
		{F634E746-A986-4031-AF15-79F8CBD6767B}.Release|Any CPU.ActiveCfg = Release|Any CPU
		{F634E746-A986-4031-AF15-79F8CBD6767B}.Release|Any CPU.Build.0 = Release|Any CPU
		{7E02A785-4682-482C-849A-7CE58BD05B2B}.Debug|Any CPU.ActiveCfg = Debug|Any CPU
		{7E02A785-4682-482C-849A-7CE58BD05B2B}.Debug|Any CPU.Build.0 = Debug|Any CPU
		{7E02A785-4682-482C-849A-7CE58BD05B2B}.Release|Any CPU.ActiveCfg = Release|Any CPU
		{7E02A785-4682-482C-849A-7CE58BD05B2B}.Release|Any CPU.Build.0 = Release|Any CPU
	EndGlobalSection
	GlobalSection(SolutionProperties) = preSolution
		HideSolutionNode = FALSE
	EndGlobalSection
	GlobalSection(ExtensibilityGlobals) = postSolution
		SolutionGuid = {A36EEB1A-A09D-40D9-91EA-E96B298753E6}
	EndGlobalSection
EndGlobal
